
Microsoft Visual Studio Solution File, Format Version 12.00
# Visual Studio 15
VisualStudioVersion = 15.0.26730.8
MinimumVisualStudioVersion = 10.0.40219.1
Project("{FAE04EC0-301F-11D3-BF4B-00C04F79EFBC}") = "NetworkExercise", "NetworkExercise\NetworkExercise.csproj", "{1A5D5992-EDA0-4198-BE4F-18E897FFD6B2}"
EndProject
Project("{FAE04EC0-301F-11D3-BF4B-00C04F79EFBC}") = "Client", "Client\Client.csproj", "{886C33BD-A43E-4A79-AB06-66BC96FB426C}"
EndProject
Global
	GlobalSection(SolutionConfigurationPlatforms) = preSolution
		Debug|Any CPU = Debug|Any CPU
		Release|Any CPU = Release|Any CPU
	EndGlobalSection
	GlobalSection(ProjectConfigurationPlatforms) = postSolution
		{1A5D5992-EDA0-4198-BE4F-18E897FFD6B2}.Debug|Any CPU.ActiveCfg = Debug|Any CPU
		{1A5D5992-EDA0-4198-BE4F-18E897FFD6B2}.Debug|Any CPU.Build.0 = Debug|Any CPU
		{1A5D5992-EDA0-4198-BE4F-18E897FFD6B2}.Release|Any CPU.ActiveCfg = Release|Any CPU
		{1A5D5992-EDA0-4198-BE4F-18E897FFD6B2}.Release|Any CPU.Build.0 = Release|Any CPU
		{886C33BD-A43E-4A79-AB06-66BC96FB426C}.Debug|Any CPU.ActiveCfg = Debug|Any CPU
		{886C33BD-A43E-4A79-AB06-66BC96FB426C}.Debug|Any CPU.Build.0 = Debug|Any CPU
		{886C33BD-A43E-4A79-AB06-66BC96FB426C}.Release|Any CPU.ActiveCfg = Release|Any CPU
		{886C33BD-A43E-4A79-AB06-66BC96FB426C}.Release|Any CPU.Build.0 = Release|Any CPU
	EndGlobalSection
	GlobalSection(SolutionProperties) = preSolution
		HideSolutionNode = FALSE
	EndGlobalSection
	GlobalSection(ExtensibilityGlobals) = postSolution
		SolutionGuid = {79EE0775-261C-4259-8A4A-BC9919B35CDF}
	EndGlobalSection
EndGlobal
